
Microsoft Visual Studio Solution File, Format Version 12.00
# Visual Studio Version 17
VisualStudioVersion = 17.14.36310.24
MinimumVisualStudioVersion = 10.0.40219.1
Project("{FAE04EC0-301F-11D3-BF4B-00C04F79EFBC}") = "MatoMemo", "MatoMemo\MatoMemo.csproj", "{AF7C14CE-DCCC-495E-8612-F266410DA42D}"
EndProject
Global
	GlobalSection(SolutionConfigurationPlatforms) = preSolution
		Debug|Any CPU = Debug|Any CPU
		Release|Any CPU = Release|Any CPU
	EndGlobalSection
	GlobalSection(ProjectConfigurationPlatforms) = postSolution
		{AF7C14CE-DCCC-495E-8612-F266410DA42D}.Debug|Any CPU.ActiveCfg = Debug|Any CPU
		{AF7C14CE-DCCC-495E-8612-F266410DA42D}.Debug|Any CPU.Build.0 = Debug|Any CPU
		{AF7C14CE-DCCC-495E-8612-F266410DA42D}.Release|Any CPU.ActiveCfg = Release|Any CPU
		{AF7C14CE-DCCC-495E-8612-F266410DA42D}.Release|Any CPU.Build.0 = Release|Any CPU
	EndGlobalSection
	GlobalSection(SolutionProperties) = preSolution
		HideSolutionNode = FALSE
	EndGlobalSection
	GlobalSection(ExtensibilityGlobals) = postSolution
		SolutionGuid = {252ED043-299F-42EC-898D-B8FC60E0DF6B}
	EndGlobalSection
EndGlobal
